// !$*UTF8*$!
{
	archiveVersion = 1;
	classes = {
	};
	objectVersion = 46;
	objects = {

/* Begin PBXBuildFile section */
		298870481EB7952B00EDFA03 /* main.swift in Sources */ = {isa = PBXBuildFile; fileRef = 298870471EB7952B00EDFA03 /* main.swift */; };
		298870781EB797E700EDFA03 /* TypeName.swift in Sources */ = {isa = PBXBuildFile; fileRef = 298870771EB797E700EDFA03 /* TypeName.swift */; };
		2988707A1EB7A28600EDFA03 /* TypeNameTests.swift in Sources */ = {isa = PBXBuildFile; fileRef = 298870791EB7A28600EDFA03 /* TypeNameTests.swift */; };
		2988707B1EB7A29200EDFA03 /* TypeName.swift in Sources */ = {isa = PBXBuildFile; fileRef = 298870771EB797E700EDFA03 /* TypeName.swift */; };
		2988707F1EB7A9F300EDFA03 /* Node.swift in Sources */ = {isa = PBXBuildFile; fileRef = 2988707E1EB7A9F300EDFA03 /* Node.swift */; };
		29C9FDB01EC65A8C00EE3A52 /* bottlerocket in CopyFiles */ = {isa = PBXBuildFile; fileRef = 298870441EB7952B00EDFA03 /* bottlerocket */; settings = {ATTRIBUTES = (CodeSignOnCopy, ); }; };
		29DA08071EB829120098010A /* Parsing.swift in Sources */ = {isa = PBXBuildFile; fileRef = 29DA08061EB829120098010A /* Parsing.swift */; };
		29DA08081EB829BD0098010A /* Parsing.swift in Sources */ = {isa = PBXBuildFile; fileRef = 29DA08061EB829120098010A /* Parsing.swift */; };
		29DA08091EB829F00098010A /* Node.swift in Sources */ = {isa = PBXBuildFile; fileRef = 2988707E1EB7A9F300EDFA03 /* Node.swift */; };
		29DA080B1EB82B640098010A /* ParsingTests.swift in Sources */ = {isa = PBXBuildFile; fileRef = 29DA080A1EB82B640098010A /* ParsingTests.swift */; };
		29E4400C1EBA215A00248779 /* Rendering.swift in Sources */ = {isa = PBXBuildFile; fileRef = 29E4400B1EBA215A00248779 /* Rendering.swift */; };
		29E4400D1EBA215C00248779 /* Rendering.swift in Sources */ = {isa = PBXBuildFile; fileRef = 29E4400B1EBA215A00248779 /* Rendering.swift */; };
		29E4400F1EBA4E5100248779 /* NodeTests.swift in Sources */ = {isa = PBXBuildFile; fileRef = 29E4400E1EBA4E5100248779 /* NodeTests.swift */; };
		29E440111EBA4E5900248779 /* RenderTests.swift in Sources */ = {isa = PBXBuildFile; fileRef = 29E440101EBA4E5900248779 /* RenderTests.swift */; };
		29E440151EBA780C00248779 /* Reduce.swift in Sources */ = {isa = PBXBuildFile; fileRef = 29E440141EBA780C00248779 /* Reduce.swift */; };
		29E440171EBA78F000248779 /* ReduceTests.swift in Sources */ = {isa = PBXBuildFile; fileRef = 29E440161EBA78F000248779 /* ReduceTests.swift */; };
		29E440181EBA790200248779 /* Reduce.swift in Sources */ = {isa = PBXBuildFile; fileRef = 29E440141EBA780C00248779 /* Reduce.swift */; };
		29FB394E1EBACC170059FD11 /* Files.swift in Sources */ = {isa = PBXBuildFile; fileRef = 29FB394D1EBACC170059FD11 /* Files.swift */; };
		29FB39501EBACDBE0059FD11 /* FilesTests.swift in Sources */ = {isa = PBXBuildFile; fileRef = 29FB394F1EBACDBE0059FD11 /* FilesTests.swift */; };
		29FB39661EBAD1850059FD11 /* ArgumentList.swift in Sources */ = {isa = PBXBuildFile; fileRef = 29FB39521EBAD1850059FD11 /* ArgumentList.swift */; };
		29FB39671EBAD1860059FD11 /* ArgumentListManipulator.swift in Sources */ = {isa = PBXBuildFile; fileRef = 29FB39531EBAD1850059FD11 /* ArgumentListManipulator.swift */; };
		29FB39681EBAD1860059FD11 /* ChainableCommand.swift in Sources */ = {isa = PBXBuildFile; fileRef = 29FB39541EBAD1850059FD11 /* ChainableCommand.swift */; };
		29FB39691EBAD1860059FD11 /* CLI.swift in Sources */ = {isa = PBXBuildFile; fileRef = 29FB39551EBAD1850059FD11 /* CLI.swift */; };
		29FB396A1EBAD1860059FD11 /* Command.swift in Sources */ = {isa = PBXBuildFile; fileRef = 29FB39561EBAD1850059FD11 /* Command.swift */; };
		29FB396B1EBAD1860059FD11 /* CommandMessageGenerator.swift in Sources */ = {isa = PBXBuildFile; fileRef = 29FB39571EBAD1850059FD11 /* CommandMessageGenerator.swift */; };
		29FB396C1EBAD1860059FD11 /* CommandSignature.swift in Sources */ = {isa = PBXBuildFile; fileRef = 29FB39581EBAD1850059FD11 /* CommandSignature.swift */; };
		29FB396D1EBAD1860059FD11 /* GlobalOptions.swift in Sources */ = {isa = PBXBuildFile; fileRef = 29FB39591EBAD1850059FD11 /* GlobalOptions.swift */; };
		29FB396E1EBAD1860059FD11 /* HelpCommand.swift in Sources */ = {isa = PBXBuildFile; fileRef = 29FB395A1EBAD1850059FD11 /* HelpCommand.swift */; };
		29FB396F1EBAD1860059FD11 /* Input.swift in Sources */ = {isa = PBXBuildFile; fileRef = 29FB395B1EBAD1850059FD11 /* Input.swift */; };
		29FB39701EBAD1860059FD11 /* LightweightCommand.swift in Sources */ = {isa = PBXBuildFile; fileRef = 29FB395C1EBAD1850059FD11 /* LightweightCommand.swift */; };
		29FB39711EBAD1860059FD11 /* Option.swift in Sources */ = {isa = PBXBuildFile; fileRef = 29FB395D1EBAD1850059FD11 /* Option.swift */; };
		29FB39721EBAD1860059FD11 /* OptionGroup.swift in Sources */ = {isa = PBXBuildFile; fileRef = 29FB395E1EBAD1850059FD11 /* OptionGroup.swift */; };
		29FB39731EBAD1860059FD11 /* OptionRecognizer.swift in Sources */ = {isa = PBXBuildFile; fileRef = 29FB395F1EBAD1850059FD11 /* OptionRecognizer.swift */; };
		29FB39741EBAD1860059FD11 /* OptionRegistry.swift in Sources */ = {isa = PBXBuildFile; fileRef = 29FB39601EBAD1850059FD11 /* OptionRegistry.swift */; };
		29FB39751EBAD1860059FD11 /* Output.swift in Sources */ = {isa = PBXBuildFile; fileRef = 29FB39611EBAD1850059FD11 /* Output.swift */; };
		29FB39761EBAD1860059FD11 /* Parameter.swift in Sources */ = {isa = PBXBuildFile; fileRef = 29FB39621EBAD1850059FD11 /* Parameter.swift */; };
		29FB39771EBAD1860059FD11 /* ParameterFiller.swift in Sources */ = {isa = PBXBuildFile; fileRef = 29FB39631EBAD1850059FD11 /* ParameterFiller.swift */; };
		29FB39781EBAD1860059FD11 /* Router.swift in Sources */ = {isa = PBXBuildFile; fileRef = 29FB39641EBAD1850059FD11 /* Router.swift */; };
		29FB39791EBAD1860059FD11 /* VersionCommand.swift in Sources */ = {isa = PBXBuildFile; fileRef = 29FB39651EBAD1850059FD11 /* VersionCommand.swift */; };
		29FB397F1EBAD79A0059FD11 /* NSString+InflectorKit.m in Sources */ = {isa = PBXBuildFile; fileRef = 29FB397C1EBAD79A0059FD11 /* NSString+InflectorKit.m */; };
		29FB39801EBAD79A0059FD11 /* TTTStringInflector.m in Sources */ = {isa = PBXBuildFile; fileRef = 29FB397E1EBAD79A0059FD11 /* TTTStringInflector.m */; };
		29FB39851EBB717E0059FD11 /* Files.swift in Sources */ = {isa = PBXBuildFile; fileRef = 29FB394D1EBACC170059FD11 /* Files.swift */; };
		29FB39861EBB71CC0059FD11 /* NSString+InflectorKit.m in Sources */ = {isa = PBXBuildFile; fileRef = 29FB397C1EBAD79A0059FD11 /* NSString+InflectorKit.m */; };
		29FB39871EBB71CC0059FD11 /* TTTStringInflector.m in Sources */ = {isa = PBXBuildFile; fileRef = 29FB397E1EBAD79A0059FD11 /* TTTStringInflector.m */; };
		29FB39891EBB7F550059FD11 /* Config.swift in Sources */ = {isa = PBXBuildFile; fileRef = 29FB39881EBB7F550059FD11 /* Config.swift */; };
		29FB398B1EBB7F580059FD11 /* ConfigTests.swift in Sources */ = {isa = PBXBuildFile; fileRef = 29FB398A1EBB7F580059FD11 /* ConfigTests.swift */; };
		29FB398C1EBB80790059FD11 /* Config.swift in Sources */ = {isa = PBXBuildFile; fileRef = 29FB39881EBB7F550059FD11 /* Config.swift */; };
/* End PBXBuildFile section */

/* Begin PBXCopyFilesBuildPhase section */
		298870421EB7952B00EDFA03 /* CopyFiles */ = {
			isa = PBXCopyFilesBuildPhase;
			buildActionMask = 12;
			dstPath = /usr/local/bin;
			dstSubfolderSpec = 0;
			files = (
				29C9FDB01EC65A8C00EE3A52 /* bottlerocket in CopyFiles */,
			);
			runOnlyForDeploymentPostprocessing = 0;
		};
/* End PBXCopyFilesBuildPhase section */

/* Begin PBXFileReference section */
		298870441EB7952B00EDFA03 /* bottlerocket */ = {isa = PBXFileReference; explicitFileType = "compiled.mach-o.executable"; includeInIndex = 0; path = bottlerocket; sourceTree = BUILT_PRODUCTS_DIR; };
		298870471EB7952B00EDFA03 /* main.swift */ = {isa = PBXFileReference; lastKnownFileType = sourcecode.swift; path = main.swift; sourceTree = "<group>"; };
		2988706F1EB797D200EDFA03 /* BottleRocketTests.xctest */ = {isa = PBXFileReference; explicitFileType = wrapper.cfbundle; includeInIndex = 0; path = BottleRocketTests.xctest; sourceTree = BUILT_PRODUCTS_DIR; };
		298870731EB797D200EDFA03 /* Info.plist */ = {isa = PBXFileReference; lastKnownFileType = text.plist.xml; path = Info.plist; sourceTree = "<group>"; };
		298870771EB797E700EDFA03 /* TypeName.swift */ = {isa = PBXFileReference; fileEncoding = 4; lastKnownFileType = sourcecode.swift; path = TypeName.swift; sourceTree = "<group>"; };
		298870791EB7A28600EDFA03 /* TypeNameTests.swift */ = {isa = PBXFileReference; fileEncoding = 4; lastKnownFileType = sourcecode.swift; path = TypeNameTests.swift; sourceTree = "<group>"; };
		2988707E1EB7A9F300EDFA03 /* Node.swift */ = {isa = PBXFileReference; fileEncoding = 4; lastKnownFileType = sourcecode.swift; path = Node.swift; sourceTree = "<group>"; };
		29DA08061EB829120098010A /* Parsing.swift */ = {isa = PBXFileReference; fileEncoding = 4; lastKnownFileType = sourcecode.swift; path = Parsing.swift; sourceTree = "<group>"; };
		29DA080A1EB82B640098010A /* ParsingTests.swift */ = {isa = PBXFileReference; fileEncoding = 4; lastKnownFileType = sourcecode.swift; path = ParsingTests.swift; sourceTree = "<group>"; };
		29E4400B1EBA215A00248779 /* Rendering.swift */ = {isa = PBXFileReference; fileEncoding = 4; lastKnownFileType = sourcecode.swift; path = Rendering.swift; sourceTree = "<group>"; };
		29E4400E1EBA4E5100248779 /* NodeTests.swift */ = {isa = PBXFileReference; fileEncoding = 4; lastKnownFileType = sourcecode.swift; path = NodeTests.swift; sourceTree = "<group>"; };
		29E440101EBA4E5900248779 /* RenderTests.swift */ = {isa = PBXFileReference; fileEncoding = 4; lastKnownFileType = sourcecode.swift; path = RenderTests.swift; sourceTree = "<group>"; };
		29E440141EBA780C00248779 /* Reduce.swift */ = {isa = PBXFileReference; fileEncoding = 4; lastKnownFileType = sourcecode.swift; path = Reduce.swift; sourceTree = "<group>"; };
		29E440161EBA78F000248779 /* ReduceTests.swift */ = {isa = PBXFileReference; fileEncoding = 4; lastKnownFileType = sourcecode.swift; path = ReduceTests.swift; sourceTree = "<group>"; };
		29FB394D1EBACC170059FD11 /* Files.swift */ = {isa = PBXFileReference; fileEncoding = 4; lastKnownFileType = sourcecode.swift; path = Files.swift; sourceTree = "<group>"; };
		29FB394F1EBACDBE0059FD11 /* FilesTests.swift */ = {isa = PBXFileReference; fileEncoding = 4; lastKnownFileType = sourcecode.swift; path = FilesTests.swift; sourceTree = "<group>"; };
		29FB39521EBAD1850059FD11 /* ArgumentList.swift */ = {isa = PBXFileReference; fileEncoding = 4; lastKnownFileType = sourcecode.swift; path = ArgumentList.swift; sourceTree = "<group>"; };
		29FB39531EBAD1850059FD11 /* ArgumentListManipulator.swift */ = {isa = PBXFileReference; fileEncoding = 4; lastKnownFileType = sourcecode.swift; path = ArgumentListManipulator.swift; sourceTree = "<group>"; };
		29FB39541EBAD1850059FD11 /* ChainableCommand.swift */ = {isa = PBXFileReference; fileEncoding = 4; lastKnownFileType = sourcecode.swift; path = ChainableCommand.swift; sourceTree = "<group>"; };
		29FB39551EBAD1850059FD11 /* CLI.swift */ = {isa = PBXFileReference; fileEncoding = 4; lastKnownFileType = sourcecode.swift; path = CLI.swift; sourceTree = "<group>"; };
		29FB39561EBAD1850059FD11 /* Command.swift */ = {isa = PBXFileReference; fileEncoding = 4; lastKnownFileType = sourcecode.swift; path = Command.swift; sourceTree = "<group>"; };
		29FB39571EBAD1850059FD11 /* CommandMessageGenerator.swift */ = {isa = PBXFileReference; fileEncoding = 4; lastKnownFileType = sourcecode.swift; path = CommandMessageGenerator.swift; sourceTree = "<group>"; };
		29FB39581EBAD1850059FD11 /* CommandSignature.swift */ = {isa = PBXFileReference; fileEncoding = 4; lastKnownFileType = sourcecode.swift; path = CommandSignature.swift; sourceTree = "<group>"; };
		29FB39591EBAD1850059FD11 /* GlobalOptions.swift */ = {isa = PBXFileReference; fileEncoding = 4; lastKnownFileType = sourcecode.swift; path = GlobalOptions.swift; sourceTree = "<group>"; };
		29FB395A1EBAD1850059FD11 /* HelpCommand.swift */ = {isa = PBXFileReference; fileEncoding = 4; lastKnownFileType = sourcecode.swift; path = HelpCommand.swift; sourceTree = "<group>"; };
		29FB395B1EBAD1850059FD11 /* Input.swift */ = {isa = PBXFileReference; fileEncoding = 4; lastKnownFileType = sourcecode.swift; path = Input.swift; sourceTree = "<group>"; };
		29FB395C1EBAD1850059FD11 /* LightweightCommand.swift */ = {isa = PBXFileReference; fileEncoding = 4; lastKnownFileType = sourcecode.swift; path = LightweightCommand.swift; sourceTree = "<group>"; };
		29FB395D1EBAD1850059FD11 /* Option.swift */ = {isa = PBXFileReference; fileEncoding = 4; lastKnownFileType = sourcecode.swift; path = Option.swift; sourceTree = "<group>"; };
		29FB395E1EBAD1850059FD11 /* OptionGroup.swift */ = {isa = PBXFileReference; fileEncoding = 4; lastKnownFileType = sourcecode.swift; path = OptionGroup.swift; sourceTree = "<group>"; };
		29FB395F1EBAD1850059FD11 /* OptionRecognizer.swift */ = {isa = PBXFileReference; fileEncoding = 4; lastKnownFileType = sourcecode.swift; path = OptionRecognizer.swift; sourceTree = "<group>"; };
		29FB39601EBAD1850059FD11 /* OptionRegistry.swift */ = {isa = PBXFileReference; fileEncoding = 4; lastKnownFileType = sourcecode.swift; path = OptionRegistry.swift; sourceTree = "<group>"; };
		29FB39611EBAD1850059FD11 /* Output.swift */ = {isa = PBXFileReference; fileEncoding = 4; lastKnownFileType = sourcecode.swift; path = Output.swift; sourceTree = "<group>"; };
		29FB39621EBAD1850059FD11 /* Parameter.swift */ = {isa = PBXFileReference; fileEncoding = 4; lastKnownFileType = sourcecode.swift; path = Parameter.swift; sourceTree = "<group>"; };
		29FB39631EBAD1850059FD11 /* ParameterFiller.swift */ = {isa = PBXFileReference; fileEncoding = 4; lastKnownFileType = sourcecode.swift; path = ParameterFiller.swift; sourceTree = "<group>"; };
		29FB39641EBAD1850059FD11 /* Router.swift */ = {isa = PBXFileReference; fileEncoding = 4; lastKnownFileType = sourcecode.swift; path = Router.swift; sourceTree = "<group>"; };
		29FB39651EBAD1850059FD11 /* VersionCommand.swift */ = {isa = PBXFileReference; fileEncoding = 4; lastKnownFileType = sourcecode.swift; path = VersionCommand.swift; sourceTree = "<group>"; };
		29FB397B1EBAD79A0059FD11 /* NSString+InflectorKit.h */ = {isa = PBXFileReference; fileEncoding = 4; lastKnownFileType = sourcecode.c.h; path = "NSString+InflectorKit.h"; sourceTree = "<group>"; };
		29FB397C1EBAD79A0059FD11 /* NSString+InflectorKit.m */ = {isa = PBXFileReference; fileEncoding = 4; lastKnownFileType = sourcecode.c.objc; path = "NSString+InflectorKit.m"; sourceTree = "<group>"; };
		29FB397D1EBAD79A0059FD11 /* TTTStringInflector.h */ = {isa = PBXFileReference; fileEncoding = 4; lastKnownFileType = sourcecode.c.h; path = TTTStringInflector.h; sourceTree = "<group>"; };
		29FB397E1EBAD79A0059FD11 /* TTTStringInflector.m */ = {isa = PBXFileReference; fileEncoding = 4; lastKnownFileType = sourcecode.c.objc; path = TTTStringInflector.m; sourceTree = "<group>"; };
		29FB39841EBAD8240059FD11 /* BottleRocket-Bridging-Header.h */ = {isa = PBXFileReference; fileEncoding = 4; lastKnownFileType = sourcecode.c.h; path = "BottleRocket-Bridging-Header.h"; sourceTree = "<group>"; };
		29FB39881EBB7F550059FD11 /* Config.swift */ = {isa = PBXFileReference; fileEncoding = 4; lastKnownFileType = sourcecode.swift; path = Config.swift; sourceTree = "<group>"; };
		29FB398A1EBB7F580059FD11 /* ConfigTests.swift */ = {isa = PBXFileReference; fileEncoding = 4; lastKnownFileType = sourcecode.swift; path = ConfigTests.swift; sourceTree = "<group>"; };
/* End PBXFileReference section */

/* Begin PBXFrameworksBuildPhase section */
		298870411EB7952B00EDFA03 /* Frameworks */ = {
			isa = PBXFrameworksBuildPhase;
			buildActionMask = 2147483647;
			files = (
			);
			runOnlyForDeploymentPostprocessing = 0;
		};
		2988706C1EB797D200EDFA03 /* Frameworks */ = {
			isa = PBXFrameworksBuildPhase;
			buildActionMask = 2147483647;
			files = (
			);
			runOnlyForDeploymentPostprocessing = 0;
		};
/* End PBXFrameworksBuildPhase section */

/* Begin PBXGroup section */
		2988703B1EB7952B00EDFA03 = {
			isa = PBXGroup;
			children = (
				298870461EB7952B00EDFA03 /* BottleRocket */,
				298870701EB797D200EDFA03 /* BottleRocketTests */,
				298870451EB7952B00EDFA03 /* Products */,
			);
			sourceTree = "<group>";
		};
		298870451EB7952B00EDFA03 /* Products */ = {
			isa = PBXGroup;
			children = (
				298870441EB7952B00EDFA03 /* bottlerocket */,
				2988706F1EB797D200EDFA03 /* BottleRocketTests.xctest */,
			);
			name = Products;
			sourceTree = "<group>";
		};
		298870461EB7952B00EDFA03 /* BottleRocket */ = {
			isa = PBXGroup;
			children = (
				29FB39881EBB7F550059FD11 /* Config.swift */,
				29FB39841EBAD8240059FD11 /* BottleRocket-Bridging-Header.h */,
				29FB394D1EBACC170059FD11 /* Files.swift */,
				29FB397A1EBAD7990059FD11 /* InflectorKit */,
				298870471EB7952B00EDFA03 /* main.swift */,
				2988707E1EB7A9F300EDFA03 /* Node.swift */,
				29DA08061EB829120098010A /* Parsing.swift */,
				29E440141EBA780C00248779 /* Reduce.swift */,
				29E4400B1EBA215A00248779 /* Rendering.swift */,
				29FB39511EBAD1850059FD11 /* SwiftCLI */,
				298870771EB797E700EDFA03 /* TypeName.swift */,
			);
			path = BottleRocket;
			sourceTree = "<group>";
		};
		298870701EB797D200EDFA03 /* BottleRocketTests */ = {
			isa = PBXGroup;
			children = (
				29FB398A1EBB7F580059FD11 /* ConfigTests.swift */,
				298870791EB7A28600EDFA03 /* TypeNameTests.swift */,
				29DA080A1EB82B640098010A /* ParsingTests.swift */,
				29E4400E1EBA4E5100248779 /* NodeTests.swift */,
				29E440101EBA4E5900248779 /* RenderTests.swift */,
				29E440161EBA78F000248779 /* ReduceTests.swift */,
				298870731EB797D200EDFA03 /* Info.plist */,
				29FB394F1EBACDBE0059FD11 /* FilesTests.swift */,
			);
			path = BottleRocketTests;
			sourceTree = "<group>";
		};
		29FB39511EBAD1850059FD11 /* SwiftCLI */ = {
			isa = PBXGroup;
			children = (
				29FB39521EBAD1850059FD11 /* ArgumentList.swift */,
				29FB39531EBAD1850059FD11 /* ArgumentListManipulator.swift */,
				29FB39541EBAD1850059FD11 /* ChainableCommand.swift */,
				29FB39551EBAD1850059FD11 /* CLI.swift */,
				29FB39561EBAD1850059FD11 /* Command.swift */,
				29FB39571EBAD1850059FD11 /* CommandMessageGenerator.swift */,
				29FB39581EBAD1850059FD11 /* CommandSignature.swift */,
				29FB39591EBAD1850059FD11 /* GlobalOptions.swift */,
				29FB395A1EBAD1850059FD11 /* HelpCommand.swift */,
				29FB395B1EBAD1850059FD11 /* Input.swift */,
				29FB395C1EBAD1850059FD11 /* LightweightCommand.swift */,
				29FB395D1EBAD1850059FD11 /* Option.swift */,
				29FB395E1EBAD1850059FD11 /* OptionGroup.swift */,
				29FB395F1EBAD1850059FD11 /* OptionRecognizer.swift */,
				29FB39601EBAD1850059FD11 /* OptionRegistry.swift */,
				29FB39611EBAD1850059FD11 /* Output.swift */,
				29FB39621EBAD1850059FD11 /* Parameter.swift */,
				29FB39631EBAD1850059FD11 /* ParameterFiller.swift */,
				29FB39641EBAD1850059FD11 /* Router.swift */,
				29FB39651EBAD1850059FD11 /* VersionCommand.swift */,
			);
			path = SwiftCLI;
			sourceTree = "<group>";
		};
		29FB397A1EBAD7990059FD11 /* InflectorKit */ = {
			isa = PBXGroup;
			children = (
				29FB397B1EBAD79A0059FD11 /* NSString+InflectorKit.h */,
				29FB397C1EBAD79A0059FD11 /* NSString+InflectorKit.m */,
				29FB397D1EBAD79A0059FD11 /* TTTStringInflector.h */,
				29FB397E1EBAD79A0059FD11 /* TTTStringInflector.m */,
			);
			path = InflectorKit;
			sourceTree = "<group>";
		};
/* End PBXGroup section */

/* Begin PBXNativeTarget section */
		298870431EB7952B00EDFA03 /* BottleRocket */ = {
			isa = PBXNativeTarget;
			buildConfigurationList = 2988704B1EB7952B00EDFA03 /* Build configuration list for PBXNativeTarget "BottleRocket" */;
			buildPhases = (
				298870401EB7952B00EDFA03 /* Sources */,
				298870411EB7952B00EDFA03 /* Frameworks */,
				298870421EB7952B00EDFA03 /* CopyFiles */,
			);
			buildRules = (
			);
			dependencies = (
			);
			name = BottleRocket;
			productName = BottleRocket;
			productReference = 298870441EB7952B00EDFA03 /* bottlerocket */;
			productType = "com.apple.product-type.tool";
		};
		2988706E1EB797D200EDFA03 /* BottleRocketTests */ = {
			isa = PBXNativeTarget;
			buildConfigurationList = 298870741EB797D200EDFA03 /* Build configuration list for PBXNativeTarget "BottleRocketTests" */;
			buildPhases = (
				2988706B1EB797D200EDFA03 /* Sources */,
				2988706C1EB797D200EDFA03 /* Frameworks */,
				2988706D1EB797D200EDFA03 /* Resources */,
				2988707D1EB7A79D00EDFA03 /* ShellScript */,
			);
			buildRules = (
			);
			dependencies = (
			);
			name = BottleRocketTests;
			productName = BottleRocketTests;
			productReference = 2988706F1EB797D200EDFA03 /* BottleRocketTests.xctest */;
			productType = "com.apple.product-type.bundle.unit-test";
		};
/* End PBXNativeTarget section */

/* Begin PBXProject section */
		2988703C1EB7952B00EDFA03 /* Project object */ = {
			isa = PBXProject;
			attributes = {
				LastSwiftUpdateCheck = 0830;
				LastUpgradeCheck = 0830;
				ORGANIZATIONNAME = "Ryan Nystrom";
				TargetAttributes = {
					298870431EB7952B00EDFA03 = {
						CreatedOnToolsVersion = 8.3.1;
						DevelopmentTeam = 523C4DWBTH;
						ProvisioningStyle = Automatic;
					};
					2988706E1EB797D200EDFA03 = {
						CreatedOnToolsVersion = 8.3.1;
						DevelopmentTeam = 523C4DWBTH;
						ProvisioningStyle = Automatic;
					};
				};
			};
			buildConfigurationList = 2988703F1EB7952B00EDFA03 /* Build configuration list for PBXProject "BottleRocket" */;
			compatibilityVersion = "Xcode 3.2";
			developmentRegion = English;
			hasScannedForEncodings = 0;
			knownRegions = (
				en,
			);
			mainGroup = 2988703B1EB7952B00EDFA03;
			productRefGroup = 298870451EB7952B00EDFA03 /* Products */;
			projectDirPath = "";
			projectRoot = "";
			targets = (
				298870431EB7952B00EDFA03 /* BottleRocket */,
				2988706E1EB797D200EDFA03 /* BottleRocketTests */,
			);
		};
/* End PBXProject section */

/* Begin PBXResourcesBuildPhase section */
		2988706D1EB797D200EDFA03 /* Resources */ = {
			isa = PBXResourcesBuildPhase;
			buildActionMask = 2147483647;
			files = (
			);
			runOnlyForDeploymentPostprocessing = 0;
		};
/* End PBXResourcesBuildPhase section */

/* Begin PBXShellScriptBuildPhase section */
		2988707D1EB7A79D00EDFA03 /* ShellScript */ = {
			isa = PBXShellScriptBuildPhase;
			buildActionMask = 2147483647;
			files = (
			);
			inputPaths = (
			);
			outputPaths = (
			);
			runOnlyForDeploymentPostprocessing = 0;
			shellPath = /bin/sh;
			shellScript = "find ${TARGET_BUILD_DIR} -type d -name \"*.framework\" -exec cp -Rf {} ${TARGET_BUILD_DIR}/${FRAMEWORKS_FOLDER_PATH}/ \\;\n";
		};
/* End PBXShellScriptBuildPhase section */

/* Begin PBXSourcesBuildPhase section */
		298870401EB7952B00EDFA03 /* Sources */ = {
			isa = PBXSourcesBuildPhase;
			buildActionMask = 2147483647;
			files = (
				2988707F1EB7A9F300EDFA03 /* Node.swift in Sources */,
				298870781EB797E700EDFA03 /* TypeName.swift in Sources */,
				29FB396B1EBAD1860059FD11 /* CommandMessageGenerator.swift in Sources */,
				29FB39791EBAD1860059FD11 /* VersionCommand.swift in Sources */,
				29FB39761EBAD1860059FD11 /* Parameter.swift in Sources */,
				29FB39671EBAD1860059FD11 /* ArgumentListManipulator.swift in Sources */,
				29FB396E1EBAD1860059FD11 /* HelpCommand.swift in Sources */,
				29FB397F1EBAD79A0059FD11 /* NSString+InflectorKit.m in Sources */,
				29FB394E1EBACC170059FD11 /* Files.swift in Sources */,
				29FB39711EBAD1860059FD11 /* Option.swift in Sources */,
				29FB396D1EBAD1860059FD11 /* GlobalOptions.swift in Sources */,
				29FB39691EBAD1860059FD11 /* CLI.swift in Sources */,
				29FB39741EBAD1860059FD11 /* OptionRegistry.swift in Sources */,
				298870481EB7952B00EDFA03 /* main.swift in Sources */,
				29FB39781EBAD1860059FD11 /* Router.swift in Sources */,
				29FB39721EBAD1860059FD11 /* OptionGroup.swift in Sources */,
				29FB39681EBAD1860059FD11 /* ChainableCommand.swift in Sources */,
				29FB39891EBB7F550059FD11 /* Config.swift in Sources */,
				29FB39731EBAD1860059FD11 /* OptionRecognizer.swift in Sources */,
				29FB39751EBAD1860059FD11 /* Output.swift in Sources */,
				29FB39661EBAD1850059FD11 /* ArgumentList.swift in Sources */,
				29E4400C1EBA215A00248779 /* Rendering.swift in Sources */,
				29FB39801EBAD79A0059FD11 /* TTTStringInflector.m in Sources */,
				29FB39701EBAD1860059FD11 /* LightweightCommand.swift in Sources */,
				29E440151EBA780C00248779 /* Reduce.swift in Sources */,
				29DA08071EB829120098010A /* Parsing.swift in Sources */,
				29FB396F1EBAD1860059FD11 /* Input.swift in Sources */,
				29FB39771EBAD1860059FD11 /* ParameterFiller.swift in Sources */,
				29FB396C1EBAD1860059FD11 /* CommandSignature.swift in Sources */,
				29FB396A1EBAD1860059FD11 /* Command.swift in Sources */,
			);
			runOnlyForDeploymentPostprocessing = 0;
		};
		2988706B1EB797D200EDFA03 /* Sources */ = {
			isa = PBXSourcesBuildPhase;
			buildActionMask = 2147483647;
			files = (
				29FB39861EBB71CC0059FD11 /* NSString+InflectorKit.m in Sources */,
				29DA08081EB829BD0098010A /* Parsing.swift in Sources */,
				2988707B1EB7A29200EDFA03 /* TypeName.swift in Sources */,
				29E4400D1EBA215C00248779 /* Rendering.swift in Sources */,
				2988707A1EB7A28600EDFA03 /* TypeNameTests.swift in Sources */,
				29FB39501EBACDBE0059FD11 /* FilesTests.swift in Sources */,
				29FB39851EBB717E0059FD11 /* Files.swift in Sources */,
				29DA080B1EB82B640098010A /* ParsingTests.swift in Sources */,
				29E440181EBA790200248779 /* Reduce.swift in Sources */,
				29DA08091EB829F00098010A /* Node.swift in Sources */,
				29FB39871EBB71CC0059FD11 /* TTTStringInflector.m in Sources */,
				29E4400F1EBA4E5100248779 /* NodeTests.swift in Sources */,
				29E440171EBA78F000248779 /* ReduceTests.swift in Sources */,
				29FB398C1EBB80790059FD11 /* Config.swift in Sources */,
				29FB398B1EBB7F580059FD11 /* ConfigTests.swift in Sources */,
				29E440111EBA4E5900248779 /* RenderTests.swift in Sources */,
			);
			runOnlyForDeploymentPostprocessing = 0;
		};
/* End PBXSourcesBuildPhase section */

/* Begin XCBuildConfiguration section */
		298870491EB7952B00EDFA03 /* Debug */ = {
			isa = XCBuildConfiguration;
			buildSettings = {
				ALWAYS_SEARCH_USER_PATHS = NO;
				CLANG_ANALYZER_NONNULL = YES;
				CLANG_ANALYZER_NUMBER_OBJECT_CONVERSION = YES_AGGRESSIVE;
				CLANG_CXX_LANGUAGE_STANDARD = "gnu++0x";
				CLANG_CXX_LIBRARY = "libc++";
				CLANG_ENABLE_MODULES = YES;
				CLANG_ENABLE_OBJC_ARC = YES;
				CLANG_WARN_BOOL_CONVERSION = YES;
				CLANG_WARN_CONSTANT_CONVERSION = YES;
				CLANG_WARN_DIRECT_OBJC_ISA_USAGE = YES_ERROR;
				CLANG_WARN_DOCUMENTATION_COMMENTS = YES;
				CLANG_WARN_EMPTY_BODY = YES;
				CLANG_WARN_ENUM_CONVERSION = YES;
				CLANG_WARN_INFINITE_RECURSION = YES;
				CLANG_WARN_INT_CONVERSION = YES;
				CLANG_WARN_OBJC_ROOT_CLASS = YES_ERROR;
				CLANG_WARN_SUSPICIOUS_MOVE = YES;
				CLANG_WARN_UNREACHABLE_CODE = YES;
				CLANG_WARN__DUPLICATE_METHOD_MATCH = YES;
				CODE_SIGN_IDENTITY = "-";
				COPY_PHASE_STRIP = NO;
				DEBUG_INFORMATION_FORMAT = dwarf;
				ENABLE_STRICT_OBJC_MSGSEND = YES;
				ENABLE_TESTABILITY = YES;
				GCC_C_LANGUAGE_STANDARD = gnu99;
				GCC_DYNAMIC_NO_PIC = NO;
				GCC_NO_COMMON_BLOCKS = YES;
				GCC_OPTIMIZATION_LEVEL = 0;
				GCC_PREPROCESSOR_DEFINITIONS = (
					"DEBUG=1",
					"$(inherited)",
				);
				GCC_WARN_64_TO_32_BIT_CONVERSION = YES;
				GCC_WARN_ABOUT_RETURN_TYPE = YES_ERROR;
				GCC_WARN_UNDECLARED_SELECTOR = YES;
				GCC_WARN_UNINITIALIZED_AUTOS = YES_AGGRESSIVE;
				GCC_WARN_UNUSED_FUNCTION = YES;
				GCC_WARN_UNUSED_VARIABLE = YES;
				MACOSX_DEPLOYMENT_TARGET = 10.12;
				MTL_ENABLE_DEBUG_INFO = YES;
				ONLY_ACTIVE_ARCH = YES;
				SDKROOT = macosx;
				SWIFT_OPTIMIZATION_LEVEL = "-Onone";
			};
			name = Debug;
		};
		2988704A1EB7952B00EDFA03 /* Release */ = {
			isa = XCBuildConfiguration;
			buildSettings = {
				ALWAYS_SEARCH_USER_PATHS = NO;
				CLANG_ANALYZER_NONNULL = YES;
				CLANG_ANALYZER_NUMBER_OBJECT_CONVERSION = YES_AGGRESSIVE;
				CLANG_CXX_LANGUAGE_STANDARD = "gnu++0x";
				CLANG_CXX_LIBRARY = "libc++";
				CLANG_ENABLE_MODULES = YES;
				CLANG_ENABLE_OBJC_ARC = YES;
				CLANG_WARN_BOOL_CONVERSION = YES;
				CLANG_WARN_CONSTANT_CONVERSION = YES;
				CLANG_WARN_DIRECT_OBJC_ISA_USAGE = YES_ERROR;
				CLANG_WARN_DOCUMENTATION_COMMENTS = YES;
				CLANG_WARN_EMPTY_BODY = YES;
				CLANG_WARN_ENUM_CONVERSION = YES;
				CLANG_WARN_INFINITE_RECURSION = YES;
				CLANG_WARN_INT_CONVERSION = YES;
				CLANG_WARN_OBJC_ROOT_CLASS = YES_ERROR;
				CLANG_WARN_SUSPICIOUS_MOVE = YES;
				CLANG_WARN_UNREACHABLE_CODE = YES;
				CLANG_WARN__DUPLICATE_METHOD_MATCH = YES;
				CODE_SIGN_IDENTITY = "-";
				COPY_PHASE_STRIP = NO;
				DEBUG_INFORMATION_FORMAT = "dwarf-with-dsym";
				ENABLE_NS_ASSERTIONS = NO;
				ENABLE_STRICT_OBJC_MSGSEND = YES;
				GCC_C_LANGUAGE_STANDARD = gnu99;
				GCC_NO_COMMON_BLOCKS = YES;
				GCC_WARN_64_TO_32_BIT_CONVERSION = YES;
				GCC_WARN_ABOUT_RETURN_TYPE = YES_ERROR;
				GCC_WARN_UNDECLARED_SELECTOR = YES;
				GCC_WARN_UNINITIALIZED_AUTOS = YES_AGGRESSIVE;
				GCC_WARN_UNUSED_FUNCTION = YES;
				GCC_WARN_UNUSED_VARIABLE = YES;
				MACOSX_DEPLOYMENT_TARGET = 10.12;
				MTL_ENABLE_DEBUG_INFO = NO;
				SDKROOT = macosx;
				SWIFT_OPTIMIZATION_LEVEL = "-Owholemodule";
			};
			name = Release;
		};
		2988704C1EB7952B00EDFA03 /* Debug */ = {
			isa = XCBuildConfiguration;
			buildSettings = {
				DEVELOPMENT_TEAM = 523C4DWBTH;
				PRODUCT_NAME = bottlerocket;
				SWIFT_OBJC_BRIDGING_HEADER = "BottleRocket/BottleRocket-Bridging-Header.h";
				SWIFT_VERSION = 3.0;
			};
			name = Debug;
		};
		2988704D1EB7952B00EDFA03 /* Release */ = {
			isa = XCBuildConfiguration;
			buildSettings = {
				DEVELOPMENT_TEAM = 523C4DWBTH;
				PRODUCT_NAME = bottlerocket;
				SWIFT_OBJC_BRIDGING_HEADER = "BottleRocket/BottleRocket-Bridging-Header.h";
				SWIFT_VERSION = 3.0;
			};
			name = Release;
		};
		298870751EB797D200EDFA03 /* Debug */ = {
			isa = XCBuildConfiguration;
			buildSettings = {
				COMBINE_HIDPI_IMAGES = YES;
				DEVELOPMENT_TEAM = 523C4DWBTH;
				INFOPLIST_FILE = BottleRocketTests/Info.plist;
				LD_RUNPATH_SEARCH_PATHS = "$(inherited) @executable_path/../Frameworks @loader_path/../Frameworks";
				PRODUCT_BUNDLE_IDENTIFIER = com.ryannystrom.BottleRocketTests;
				PRODUCT_NAME = "$(TARGET_NAME)";
				SWIFT_ACTIVE_COMPILATION_CONDITIONS = DEBUG;
				SWIFT_OBJC_BRIDGING_HEADER = "BottleRocket/BottleRocket-Bridging-Header.h";
				SWIFT_VERSION = 3.0;
			};
			name = Debug;
		};
		298870761EB797D200EDFA03 /* Release */ = {
			isa = XCBuildConfiguration;
			buildSettings = {
				COMBINE_HIDPI_IMAGES = YES;
				DEVELOPMENT_TEAM = 523C4DWBTH;
				INFOPLIST_FILE = BottleRocketTests/Info.plist;
				LD_RUNPATH_SEARCH_PATHS = "$(inherited) @executable_path/../Frameworks @loader_path/../Frameworks";
				PRODUCT_BUNDLE_IDENTIFIER = com.ryannystrom.BottleRocketTests;
				PRODUCT_NAME = "$(TARGET_NAME)";
				SWIFT_OBJC_BRIDGING_HEADER = "BottleRocket/BottleRocket-Bridging-Header.h";
				SWIFT_OPTIMIZATION_LEVEL = "-Owholemodule";
				SWIFT_VERSION = 3.0;
			};
			name = Release;
		};
/* End XCBuildConfiguration section */

/* Begin XCConfigurationList section */
		2988703F1EB7952B00EDFA03 /* Build configuration list for PBXProject "BottleRocket" */ = {
			isa = XCConfigurationList;
			buildConfigurations = (
				298870491EB7952B00EDFA03 /* Debug */,
				2988704A1EB7952B00EDFA03 /* Release */,
			);
			defaultConfigurationIsVisible = 0;
			defaultConfigurationName = Release;
		};
		2988704B1EB7952B00EDFA03 /* Build configuration list for PBXNativeTarget "BottleRocket" */ = {
			isa = XCConfigurationList;
			buildConfigurations = (
				2988704C1EB7952B00EDFA03 /* Debug */,
				2988704D1EB7952B00EDFA03 /* Release */,
			);
			defaultConfigurationIsVisible = 0;
			defaultConfigurationName = Release;
		};
		298870741EB797D200EDFA03 /* Build configuration list for PBXNativeTarget "BottleRocketTests" */ = {
			isa = XCConfigurationList;
			buildConfigurations = (
				298870751EB797D200EDFA03 /* Debug */,
				298870761EB797D200EDFA03 /* Release */,
			);
			defaultConfigurationIsVisible = 0;
			defaultConfigurationName = Release;
		};
/* End XCConfigurationList section */
	};
	rootObject = 2988703C1EB7952B00EDFA03 /* Project object */;
}
