// !$*UTF8*$!
{
	archiveVersion = 1;
	classes = {
	};
	objectVersion = 46;
	objects = {

/* Begin PBXBuildFile section */
		298870481EB7952B00EDFA03 /* main.swift in Sources */ = {isa = PBXBuildFile; fileRef = 298870471EB7952B00EDFA03 /* main.swift */; };
		298870781EB797E700EDFA03 /* TypeName.swift in Sources */ = {isa = PBXBuildFile; fileRef = 298870771EB797E700EDFA03 /* TypeName.swift */; };
		2988707A1EB7A28600EDFA03 /* TypeNameTests.swift in Sources */ = {isa = PBXBuildFile; fileRef = 298870791EB7A28600EDFA03 /* TypeNameTests.swift */; };
		2988707B1EB7A29200EDFA03 /* TypeName.swift in Sources */ = {isa = PBXBuildFile; fileRef = 298870771EB797E700EDFA03 /* TypeName.swift */; };
		2988707F1EB7A9F300EDFA03 /* Node.swift in Sources */ = {isa = PBXBuildFile; fileRef = 2988707E1EB7A9F300EDFA03 /* Node.swift */; };
		29DA08071EB829120098010A /* Parsing.swift in Sources */ = {isa = PBXBuildFile; fileRef = 29DA08061EB829120098010A /* Parsing.swift */; };
		29DA08081EB829BD0098010A /* Parsing.swift in Sources */ = {isa = PBXBuildFile; fileRef = 29DA08061EB829120098010A /* Parsing.swift */; };
		29DA08091EB829F00098010A /* Node.swift in Sources */ = {isa = PBXBuildFile; fileRef = 2988707E1EB7A9F300EDFA03 /* Node.swift */; };
		29DA080B1EB82B640098010A /* ParsingTests.swift in Sources */ = {isa = PBXBuildFile; fileRef = 29DA080A1EB82B640098010A /* ParsingTests.swift */; };
		29E4400C1EBA215A00248779 /* Rendering.swift in Sources */ = {isa = PBXBuildFile; fileRef = 29E4400B1EBA215A00248779 /* Rendering.swift */; };
		29E4400D1EBA215C00248779 /* Rendering.swift in Sources */ = {isa = PBXBuildFile; fileRef = 29E4400B1EBA215A00248779 /* Rendering.swift */; };
		29E4400F1EBA4E5100248779 /* NodeTests.swift in Sources */ = {isa = PBXBuildFile; fileRef = 29E4400E1EBA4E5100248779 /* NodeTests.swift */; };
		29E440111EBA4E5900248779 /* RenderTests.swift in Sources */ = {isa = PBXBuildFile; fileRef = 29E440101EBA4E5900248779 /* RenderTests.swift */; };
		29E440151EBA780C00248779 /* Reduce.swift in Sources */ = {isa = PBXBuildFile; fileRef = 29E440141EBA780C00248779 /* Reduce.swift */; };
		29E440171EBA78F000248779 /* ReduceTests.swift in Sources */ = {isa = PBXBuildFile; fileRef = 29E440161EBA78F000248779 /* ReduceTests.swift */; };
		29E440181EBA790200248779 /* Reduce.swift in Sources */ = {isa = PBXBuildFile; fileRef = 29E440141EBA780C00248779 /* Reduce.swift */; };
		775F27C9033CD0F80F4D82AE /* Pods_BottleRocketTests.framework in Frameworks */ = {isa = PBXBuildFile; fileRef = 2F5C2233CBC33F615D248440 /* Pods_BottleRocketTests.framework */; };
		BC7DD991B72CAF2098630B31 /* Pods_BottleRocket.framework in Frameworks */ = {isa = PBXBuildFile; fileRef = 56EC4AAC8FB506E1BBCD942A /* Pods_BottleRocket.framework */; };
/* End PBXBuildFile section */

/* Begin PBXCopyFilesBuildPhase section */
		298870421EB7952B00EDFA03 /* CopyFiles */ = {
			isa = PBXCopyFilesBuildPhase;
			buildActionMask = 2147483647;
			dstPath = usr/share/man/man1;
			dstSubfolderSpec = 10;
			files = (
			);
			runOnlyForDeploymentPostprocessing = 1;
		};
/* End PBXCopyFilesBuildPhase section */

/* Begin PBXFileReference section */
		298870441EB7952B00EDFA03 /* BottleRocket */ = {isa = PBXFileReference; explicitFileType = "compiled.mach-o.executable"; includeInIndex = 0; path = BottleRocket; sourceTree = BUILT_PRODUCTS_DIR; };
		298870471EB7952B00EDFA03 /* main.swift */ = {isa = PBXFileReference; lastKnownFileType = sourcecode.swift; path = main.swift; sourceTree = "<group>"; };
		2988706F1EB797D200EDFA03 /* BottleRocketTests.xctest */ = {isa = PBXFileReference; explicitFileType = wrapper.cfbundle; includeInIndex = 0; path = BottleRocketTests.xctest; sourceTree = BUILT_PRODUCTS_DIR; };
		298870731EB797D200EDFA03 /* Info.plist */ = {isa = PBXFileReference; lastKnownFileType = text.plist.xml; path = Info.plist; sourceTree = "<group>"; };
		298870771EB797E700EDFA03 /* TypeName.swift */ = {isa = PBXFileReference; fileEncoding = 4; lastKnownFileType = sourcecode.swift; path = TypeName.swift; sourceTree = "<group>"; };
		298870791EB7A28600EDFA03 /* TypeNameTests.swift */ = {isa = PBXFileReference; fileEncoding = 4; lastKnownFileType = sourcecode.swift; path = TypeNameTests.swift; sourceTree = "<group>"; };
		2988707E1EB7A9F300EDFA03 /* Node.swift */ = {isa = PBXFileReference; fileEncoding = 4; lastKnownFileType = sourcecode.swift; path = Node.swift; sourceTree = "<group>"; };
		298870861EB7BF9100EDFA03 /* Playground.playground */ = {isa = PBXFileReference; lastKnownFileType = file.playground; path = Playground.playground; sourceTree = "<group>"; };
		29DA08061EB829120098010A /* Parsing.swift */ = {isa = PBXFileReference; fileEncoding = 4; lastKnownFileType = sourcecode.swift; path = Parsing.swift; sourceTree = "<group>"; };
		29DA080A1EB82B640098010A /* ParsingTests.swift */ = {isa = PBXFileReference; fileEncoding = 4; lastKnownFileType = sourcecode.swift; path = ParsingTests.swift; sourceTree = "<group>"; };
		29E4400B1EBA215A00248779 /* Rendering.swift */ = {isa = PBXFileReference; fileEncoding = 4; lastKnownFileType = sourcecode.swift; path = Rendering.swift; sourceTree = "<group>"; };
		29E4400E1EBA4E5100248779 /* NodeTests.swift */ = {isa = PBXFileReference; fileEncoding = 4; lastKnownFileType = sourcecode.swift; path = NodeTests.swift; sourceTree = "<group>"; };
		29E440101EBA4E5900248779 /* RenderTests.swift */ = {isa = PBXFileReference; fileEncoding = 4; lastKnownFileType = sourcecode.swift; path = RenderTests.swift; sourceTree = "<group>"; };
		29E440141EBA780C00248779 /* Reduce.swift */ = {isa = PBXFileReference; fileEncoding = 4; lastKnownFileType = sourcecode.swift; path = Reduce.swift; sourceTree = "<group>"; };
		29E440161EBA78F000248779 /* ReduceTests.swift */ = {isa = PBXFileReference; fileEncoding = 4; lastKnownFileType = sourcecode.swift; path = ReduceTests.swift; sourceTree = "<group>"; };
		2F5C2233CBC33F615D248440 /* Pods_BottleRocketTests.framework */ = {isa = PBXFileReference; explicitFileType = wrapper.framework; includeInIndex = 0; path = Pods_BottleRocketTests.framework; sourceTree = BUILT_PRODUCTS_DIR; };
		3D631F7D445745398249670A /* Pods-BottleRocket.debug.xcconfig */ = {isa = PBXFileReference; includeInIndex = 1; lastKnownFileType = text.xcconfig; name = "Pods-BottleRocket.debug.xcconfig"; path = "Pods/Target Support Files/Pods-BottleRocket/Pods-BottleRocket.debug.xcconfig"; sourceTree = "<group>"; };
		56EC4AAC8FB506E1BBCD942A /* Pods_BottleRocket.framework */ = {isa = PBXFileReference; explicitFileType = wrapper.framework; includeInIndex = 0; path = Pods_BottleRocket.framework; sourceTree = BUILT_PRODUCTS_DIR; };
		5E57222870CCDBADED6FB0AE /* Pods-BottleRocket.release.xcconfig */ = {isa = PBXFileReference; includeInIndex = 1; lastKnownFileType = text.xcconfig; name = "Pods-BottleRocket.release.xcconfig"; path = "Pods/Target Support Files/Pods-BottleRocket/Pods-BottleRocket.release.xcconfig"; sourceTree = "<group>"; };
		CF96E53452C763CAD333D754 /* Pods-BottleRocketTests.debug.xcconfig */ = {isa = PBXFileReference; includeInIndex = 1; lastKnownFileType = text.xcconfig; name = "Pods-BottleRocketTests.debug.xcconfig"; path = "Pods/Target Support Files/Pods-BottleRocketTests/Pods-BottleRocketTests.debug.xcconfig"; sourceTree = "<group>"; };
		F0F16508FCE6E7F9C0A81276 /* Pods-BottleRocketTests.release.xcconfig */ = {isa = PBXFileReference; includeInIndex = 1; lastKnownFileType = text.xcconfig; name = "Pods-BottleRocketTests.release.xcconfig"; path = "Pods/Target Support Files/Pods-BottleRocketTests/Pods-BottleRocketTests.release.xcconfig"; sourceTree = "<group>"; };
/* End PBXFileReference section */

/* Begin PBXFrameworksBuildPhase section */
		298870411EB7952B00EDFA03 /* Frameworks */ = {
			isa = PBXFrameworksBuildPhase;
			buildActionMask = 2147483647;
			files = (
				BC7DD991B72CAF2098630B31 /* Pods_BottleRocket.framework in Frameworks */,
			);
			runOnlyForDeploymentPostprocessing = 0;
		};
		2988706C1EB797D200EDFA03 /* Frameworks */ = {
			isa = PBXFrameworksBuildPhase;
			buildActionMask = 2147483647;
			files = (
				775F27C9033CD0F80F4D82AE /* Pods_BottleRocketTests.framework in Frameworks */,
			);
			runOnlyForDeploymentPostprocessing = 0;
		};
/* End PBXFrameworksBuildPhase section */

/* Begin PBXGroup section */
		2988703B1EB7952B00EDFA03 = {
			isa = PBXGroup;
			children = (
				298870861EB7BF9100EDFA03 /* Playground.playground */,
				298870461EB7952B00EDFA03 /* BottleRocket */,
				298870701EB797D200EDFA03 /* BottleRocketTests */,
				298870451EB7952B00EDFA03 /* Products */,
				91D66251BD6229C5178DF3FD /* Pods */,
				DFEE545125C58DF6534AE0A0 /* Frameworks */,
			);
			sourceTree = "<group>";
		};
		298870451EB7952B00EDFA03 /* Products */ = {
			isa = PBXGroup;
			children = (
				298870441EB7952B00EDFA03 /* BottleRocket */,
				2988706F1EB797D200EDFA03 /* BottleRocketTests.xctest */,
			);
			name = Products;
			sourceTree = "<group>";
		};
		298870461EB7952B00EDFA03 /* BottleRocket */ = {
			isa = PBXGroup;
			children = (
				298870471EB7952B00EDFA03 /* main.swift */,
				298870771EB797E700EDFA03 /* TypeName.swift */,
				2988707E1EB7A9F300EDFA03 /* Node.swift */,
				29E4400B1EBA215A00248779 /* Rendering.swift */,
				29DA08061EB829120098010A /* Parsing.swift */,
				29E440141EBA780C00248779 /* Reduce.swift */,
			);
			path = BottleRocket;
			sourceTree = "<group>";
		};
		298870701EB797D200EDFA03 /* BottleRocketTests */ = {
			isa = PBXGroup;
			children = (
				298870791EB7A28600EDFA03 /* TypeNameTests.swift */,
				29DA080A1EB82B640098010A /* ParsingTests.swift */,
				29E4400E1EBA4E5100248779 /* NodeTests.swift */,
				29E440101EBA4E5900248779 /* RenderTests.swift */,
				29E440161EBA78F000248779 /* ReduceTests.swift */,
				298870731EB797D200EDFA03 /* Info.plist */,
			);
			path = BottleRocketTests;
			sourceTree = "<group>";
		};
		91D66251BD6229C5178DF3FD /* Pods */ = {
			isa = PBXGroup;
			children = (
				3D631F7D445745398249670A /* Pods-BottleRocket.debug.xcconfig */,
				5E57222870CCDBADED6FB0AE /* Pods-BottleRocket.release.xcconfig */,
				CF96E53452C763CAD333D754 /* Pods-BottleRocketTests.debug.xcconfig */,
				F0F16508FCE6E7F9C0A81276 /* Pods-BottleRocketTests.release.xcconfig */,
			);
			name = Pods;
			sourceTree = "<group>";
		};
		DFEE545125C58DF6534AE0A0 /* Frameworks */ = {
			isa = PBXGroup;
			children = (
				56EC4AAC8FB506E1BBCD942A /* Pods_BottleRocket.framework */,
				2F5C2233CBC33F615D248440 /* Pods_BottleRocketTests.framework */,
			);
			name = Frameworks;
			sourceTree = "<group>";
		};
/* End PBXGroup section */

/* Begin PBXNativeTarget section */
		298870431EB7952B00EDFA03 /* BottleRocket */ = {
			isa = PBXNativeTarget;
			buildConfigurationList = 2988704B1EB7952B00EDFA03 /* Build configuration list for PBXNativeTarget "BottleRocket" */;
			buildPhases = (
				42755E6461E3D541229CB845 /* [CP] Check Pods Manifest.lock */,
				298870401EB7952B00EDFA03 /* Sources */,
				298870411EB7952B00EDFA03 /* Frameworks */,
				298870421EB7952B00EDFA03 /* CopyFiles */,
				AB79392E398D0F86C0E3CBC8 /* [CP] Copy Pods Resources */,
			);
			buildRules = (
			);
			dependencies = (
			);
			name = BottleRocket;
			productName = BottleRocket;
			productReference = 298870441EB7952B00EDFA03 /* BottleRocket */;
			productType = "com.apple.product-type.tool";
		};
		2988706E1EB797D200EDFA03 /* BottleRocketTests */ = {
			isa = PBXNativeTarget;
			buildConfigurationList = 298870741EB797D200EDFA03 /* Build configuration list for PBXNativeTarget "BottleRocketTests" */;
			buildPhases = (
				0185D79EFA9A33A21A909C81 /* [CP] Check Pods Manifest.lock */,
				2988706B1EB797D200EDFA03 /* Sources */,
				2988706C1EB797D200EDFA03 /* Frameworks */,
				2988706D1EB797D200EDFA03 /* Resources */,
				BB94DD36791F3939AB7BD6F2 /* [CP] Embed Pods Frameworks */,
				0BDEF314623C1112360C6DC7 /* [CP] Copy Pods Resources */,
				2988707D1EB7A79D00EDFA03 /* ShellScript */,
			);
			buildRules = (
			);
			dependencies = (
			);
			name = BottleRocketTests;
			productName = BottleRocketTests;
			productReference = 2988706F1EB797D200EDFA03 /* BottleRocketTests.xctest */;
			productType = "com.apple.product-type.bundle.unit-test";
		};
/* End PBXNativeTarget section */

/* Begin PBXProject section */
		2988703C1EB7952B00EDFA03 /* Project object */ = {
			isa = PBXProject;
			attributes = {
				LastSwiftUpdateCheck = 0830;
				LastUpgradeCheck = 0830;
				ORGANIZATIONNAME = "Ryan Nystrom";
				TargetAttributes = {
					298870431EB7952B00EDFA03 = {
						CreatedOnToolsVersion = 8.3.1;
						DevelopmentTeam = 523C4DWBTH;
						ProvisioningStyle = Automatic;
					};
					2988706E1EB797D200EDFA03 = {
						CreatedOnToolsVersion = 8.3.1;
						DevelopmentTeam = 523C4DWBTH;
						ProvisioningStyle = Automatic;
					};
				};
			};
			buildConfigurationList = 2988703F1EB7952B00EDFA03 /* Build configuration list for PBXProject "BottleRocket" */;
			compatibilityVersion = "Xcode 3.2";
			developmentRegion = English;
			hasScannedForEncodings = 0;
			knownRegions = (
				en,
			);
			mainGroup = 2988703B1EB7952B00EDFA03;
			productRefGroup = 298870451EB7952B00EDFA03 /* Products */;
			projectDirPath = "";
			projectRoot = "";
			targets = (
				298870431EB7952B00EDFA03 /* BottleRocket */,
				2988706E1EB797D200EDFA03 /* BottleRocketTests */,
			);
		};
/* End PBXProject section */

/* Begin PBXResourcesBuildPhase section */
		2988706D1EB797D200EDFA03 /* Resources */ = {
			isa = PBXResourcesBuildPhase;
			buildActionMask = 2147483647;
			files = (
			);
			runOnlyForDeploymentPostprocessing = 0;
		};
/* End PBXResourcesBuildPhase section */

/* Begin PBXShellScriptBuildPhase section */
		0185D79EFA9A33A21A909C81 /* [CP] Check Pods Manifest.lock */ = {
			isa = PBXShellScriptBuildPhase;
			buildActionMask = 2147483647;
			files = (
			);
			inputPaths = (
			);
			name = "[CP] Check Pods Manifest.lock";
			outputPaths = (
			);
			runOnlyForDeploymentPostprocessing = 0;
			shellPath = /bin/sh;
			shellScript = "diff \"${PODS_ROOT}/../Podfile.lock\" \"${PODS_ROOT}/Manifest.lock\" > /dev/null\nif [ $? != 0 ] ; then\n    # print error to STDERR\n    echo \"error: The sandbox is not in sync with the Podfile.lock. Run 'pod install' or update your CocoaPods installation.\" >&2\n    exit 1\nfi\n";
			showEnvVarsInLog = 0;
		};
		0BDEF314623C1112360C6DC7 /* [CP] Copy Pods Resources */ = {
			isa = PBXShellScriptBuildPhase;
			buildActionMask = 2147483647;
			files = (
			);
			inputPaths = (
			);
			name = "[CP] Copy Pods Resources";
			outputPaths = (
			);
			runOnlyForDeploymentPostprocessing = 0;
			shellPath = /bin/sh;
			shellScript = "\"${SRCROOT}/Pods/Target Support Files/Pods-BottleRocketTests/Pods-BottleRocketTests-resources.sh\"\n";
			showEnvVarsInLog = 0;
		};
		2988707D1EB7A79D00EDFA03 /* ShellScript */ = {
			isa = PBXShellScriptBuildPhase;
			buildActionMask = 2147483647;
			files = (
			);
			inputPaths = (
			);
			outputPaths = (
			);
			runOnlyForDeploymentPostprocessing = 0;
			shellPath = /bin/sh;
			shellScript = "find ${TARGET_BUILD_DIR} -type d -name \"*.framework\" -exec cp -Rf {} ${TARGET_BUILD_DIR}/${FRAMEWORKS_FOLDER_PATH}/ \\;\n";
		};
		42755E6461E3D541229CB845 /* [CP] Check Pods Manifest.lock */ = {
			isa = PBXShellScriptBuildPhase;
			buildActionMask = 2147483647;
			files = (
			);
			inputPaths = (
			);
			name = "[CP] Check Pods Manifest.lock";
			outputPaths = (
			);
			runOnlyForDeploymentPostprocessing = 0;
			shellPath = /bin/sh;
			shellScript = "diff \"${PODS_ROOT}/../Podfile.lock\" \"${PODS_ROOT}/Manifest.lock\" > /dev/null\nif [ $? != 0 ] ; then\n    # print error to STDERR\n    echo \"error: The sandbox is not in sync with the Podfile.lock. Run 'pod install' or update your CocoaPods installation.\" >&2\n    exit 1\nfi\n";
			showEnvVarsInLog = 0;
		};
		AB79392E398D0F86C0E3CBC8 /* [CP] Copy Pods Resources */ = {
			isa = PBXShellScriptBuildPhase;
			buildActionMask = 2147483647;
			files = (
			);
			inputPaths = (
			);
			name = "[CP] Copy Pods Resources";
			outputPaths = (
			);
			runOnlyForDeploymentPostprocessing = 0;
			shellPath = /bin/sh;
			shellScript = "\"${SRCROOT}/Pods/Target Support Files/Pods-BottleRocket/Pods-BottleRocket-resources.sh\"\n";
			showEnvVarsInLog = 0;
		};
		BB94DD36791F3939AB7BD6F2 /* [CP] Embed Pods Frameworks */ = {
			isa = PBXShellScriptBuildPhase;
			buildActionMask = 2147483647;
			files = (
			);
			inputPaths = (
			);
			name = "[CP] Embed Pods Frameworks";
			outputPaths = (
			);
			runOnlyForDeploymentPostprocessing = 0;
			shellPath = /bin/sh;
			shellScript = "\"${SRCROOT}/Pods/Target Support Files/Pods-BottleRocketTests/Pods-BottleRocketTests-frameworks.sh\"\n";
			showEnvVarsInLog = 0;
		};
/* End PBXShellScriptBuildPhase section */

/* Begin PBXSourcesBuildPhase section */
		298870401EB7952B00EDFA03 /* Sources */ = {
			isa = PBXSourcesBuildPhase;
			buildActionMask = 2147483647;
			files = (
				2988707F1EB7A9F300EDFA03 /* Node.swift in Sources */,
				298870781EB797E700EDFA03 /* TypeName.swift in Sources */,
				298870481EB7952B00EDFA03 /* main.swift in Sources */,
				29E4400C1EBA215A00248779 /* Rendering.swift in Sources */,
				29E440151EBA780C00248779 /* Reduce.swift in Sources */,
				29DA08071EB829120098010A /* Parsing.swift in Sources */,
			);
			runOnlyForDeploymentPostprocessing = 0;
		};
		2988706B1EB797D200EDFA03 /* Sources */ = {
			isa = PBXSourcesBuildPhase;
			buildActionMask = 2147483647;
			files = (
				29DA08081EB829BD0098010A /* Parsing.swift in Sources */,
				2988707B1EB7A29200EDFA03 /* TypeName.swift in Sources */,
				29E4400D1EBA215C00248779 /* Rendering.swift in Sources */,
				2988707A1EB7A28600EDFA03 /* TypeNameTests.swift in Sources */,
				29DA080B1EB82B640098010A /* ParsingTests.swift in Sources */,
				29E440181EBA790200248779 /* Reduce.swift in Sources */,
				29DA08091EB829F00098010A /* Node.swift in Sources */,
				29E4400F1EBA4E5100248779 /* NodeTests.swift in Sources */,
				29E440171EBA78F000248779 /* ReduceTests.swift in Sources */,
				29E440111EBA4E5900248779 /* RenderTests.swift in Sources */,
			);
			runOnlyForDeploymentPostprocessing = 0;
		};
/* End PBXSourcesBuildPhase section */

/* Begin XCBuildConfiguration section */
		298870491EB7952B00EDFA03 /* Debug */ = {
			isa = XCBuildConfiguration;
			buildSettings = {
				ALWAYS_SEARCH_USER_PATHS = NO;
				CLANG_ANALYZER_NONNULL = YES;
				CLANG_ANALYZER_NUMBER_OBJECT_CONVERSION = YES_AGGRESSIVE;
				CLANG_CXX_LANGUAGE_STANDARD = "gnu++0x";
				CLANG_CXX_LIBRARY = "libc++";
				CLANG_ENABLE_MODULES = YES;
				CLANG_ENABLE_OBJC_ARC = YES;
				CLANG_WARN_BOOL_CONVERSION = YES;
				CLANG_WARN_CONSTANT_CONVERSION = YES;
				CLANG_WARN_DIRECT_OBJC_ISA_USAGE = YES_ERROR;
				CLANG_WARN_DOCUMENTATION_COMMENTS = YES;
				CLANG_WARN_EMPTY_BODY = YES;
				CLANG_WARN_ENUM_CONVERSION = YES;
				CLANG_WARN_INFINITE_RECURSION = YES;
				CLANG_WARN_INT_CONVERSION = YES;
				CLANG_WARN_OBJC_ROOT_CLASS = YES_ERROR;
				CLANG_WARN_SUSPICIOUS_MOVE = YES;
				CLANG_WARN_UNREACHABLE_CODE = YES;
				CLANG_WARN__DUPLICATE_METHOD_MATCH = YES;
				CODE_SIGN_IDENTITY = "-";
				COPY_PHASE_STRIP = NO;
				DEBUG_INFORMATION_FORMAT = dwarf;
				ENABLE_STRICT_OBJC_MSGSEND = YES;
				ENABLE_TESTABILITY = YES;
				GCC_C_LANGUAGE_STANDARD = gnu99;
				GCC_DYNAMIC_NO_PIC = NO;
				GCC_NO_COMMON_BLOCKS = YES;
				GCC_OPTIMIZATION_LEVEL = 0;
				GCC_PREPROCESSOR_DEFINITIONS = (
					"DEBUG=1",
					"$(inherited)",
				);
				GCC_WARN_64_TO_32_BIT_CONVERSION = YES;
				GCC_WARN_ABOUT_RETURN_TYPE = YES_ERROR;
				GCC_WARN_UNDECLARED_SELECTOR = YES;
				GCC_WARN_UNINITIALIZED_AUTOS = YES_AGGRESSIVE;
				GCC_WARN_UNUSED_FUNCTION = YES;
				GCC_WARN_UNUSED_VARIABLE = YES;
				MACOSX_DEPLOYMENT_TARGET = 10.12;
				MTL_ENABLE_DEBUG_INFO = YES;
				ONLY_ACTIVE_ARCH = YES;
				SDKROOT = macosx;
				SWIFT_OPTIMIZATION_LEVEL = "-Onone";
			};
			name = Debug;
		};
		2988704A1EB7952B00EDFA03 /* Release */ = {
			isa = XCBuildConfiguration;
			buildSettings = {
				ALWAYS_SEARCH_USER_PATHS = NO;
				CLANG_ANALYZER_NONNULL = YES;
				CLANG_ANALYZER_NUMBER_OBJECT_CONVERSION = YES_AGGRESSIVE;
				CLANG_CXX_LANGUAGE_STANDARD = "gnu++0x";
				CLANG_CXX_LIBRARY = "libc++";
				CLANG_ENABLE_MODULES = YES;
				CLANG_ENABLE_OBJC_ARC = YES;
				CLANG_WARN_BOOL_CONVERSION = YES;
				CLANG_WARN_CONSTANT_CONVERSION = YES;
				CLANG_WARN_DIRECT_OBJC_ISA_USAGE = YES_ERROR;
				CLANG_WARN_DOCUMENTATION_COMMENTS = YES;
				CLANG_WARN_EMPTY_BODY = YES;
				CLANG_WARN_ENUM_CONVERSION = YES;
				CLANG_WARN_INFINITE_RECURSION = YES;
				CLANG_WARN_INT_CONVERSION = YES;
				CLANG_WARN_OBJC_ROOT_CLASS = YES_ERROR;
				CLANG_WARN_SUSPICIOUS_MOVE = YES;
				CLANG_WARN_UNREACHABLE_CODE = YES;
				CLANG_WARN__DUPLICATE_METHOD_MATCH = YES;
				CODE_SIGN_IDENTITY = "-";
				COPY_PHASE_STRIP = NO;
				DEBUG_INFORMATION_FORMAT = "dwarf-with-dsym";
				ENABLE_NS_ASSERTIONS = NO;
				ENABLE_STRICT_OBJC_MSGSEND = YES;
				GCC_C_LANGUAGE_STANDARD = gnu99;
				GCC_NO_COMMON_BLOCKS = YES;
				GCC_WARN_64_TO_32_BIT_CONVERSION = YES;
				GCC_WARN_ABOUT_RETURN_TYPE = YES_ERROR;
				GCC_WARN_UNDECLARED_SELECTOR = YES;
				GCC_WARN_UNINITIALIZED_AUTOS = YES_AGGRESSIVE;
				GCC_WARN_UNUSED_FUNCTION = YES;
				GCC_WARN_UNUSED_VARIABLE = YES;
				MACOSX_DEPLOYMENT_TARGET = 10.12;
				MTL_ENABLE_DEBUG_INFO = NO;
				SDKROOT = macosx;
				SWIFT_OPTIMIZATION_LEVEL = "-Owholemodule";
			};
			name = Release;
		};
		2988704C1EB7952B00EDFA03 /* Debug */ = {
			isa = XCBuildConfiguration;
			baseConfigurationReference = 3D631F7D445745398249670A /* Pods-BottleRocket.debug.xcconfig */;
			buildSettings = {
				DEVELOPMENT_TEAM = 523C4DWBTH;
				PRODUCT_NAME = "$(TARGET_NAME)";
				SWIFT_VERSION = 3.0;
			};
			name = Debug;
		};
		2988704D1EB7952B00EDFA03 /* Release */ = {
			isa = XCBuildConfiguration;
			baseConfigurationReference = 5E57222870CCDBADED6FB0AE /* Pods-BottleRocket.release.xcconfig */;
			buildSettings = {
				DEVELOPMENT_TEAM = 523C4DWBTH;
				PRODUCT_NAME = "$(TARGET_NAME)";
				SWIFT_VERSION = 3.0;
			};
			name = Release;
		};
		298870751EB797D200EDFA03 /* Debug */ = {
			isa = XCBuildConfiguration;
			baseConfigurationReference = CF96E53452C763CAD333D754 /* Pods-BottleRocketTests.debug.xcconfig */;
			buildSettings = {
				COMBINE_HIDPI_IMAGES = YES;
				DEVELOPMENT_TEAM = 523C4DWBTH;
				INFOPLIST_FILE = BottleRocketTests/Info.plist;
				LD_RUNPATH_SEARCH_PATHS = "$(inherited) @executable_path/../Frameworks @loader_path/../Frameworks";
				PRODUCT_BUNDLE_IDENTIFIER = com.ryannystrom.BottleRocketTests;
				PRODUCT_NAME = "$(TARGET_NAME)";
				SWIFT_ACTIVE_COMPILATION_CONDITIONS = DEBUG;
				SWIFT_VERSION = 3.0;
			};
			name = Debug;
		};
		298870761EB797D200EDFA03 /* Release */ = {
			isa = XCBuildConfiguration;
			baseConfigurationReference = F0F16508FCE6E7F9C0A81276 /* Pods-BottleRocketTests.release.xcconfig */;
			buildSettings = {
				COMBINE_HIDPI_IMAGES = YES;
				DEVELOPMENT_TEAM = 523C4DWBTH;
				INFOPLIST_FILE = BottleRocketTests/Info.plist;
				LD_RUNPATH_SEARCH_PATHS = "$(inherited) @executable_path/../Frameworks @loader_path/../Frameworks";
				PRODUCT_BUNDLE_IDENTIFIER = com.ryannystrom.BottleRocketTests;
				PRODUCT_NAME = "$(TARGET_NAME)";
				SWIFT_OPTIMIZATION_LEVEL = "-Owholemodule";
				SWIFT_VERSION = 3.0;
			};
			name = Release;
		};
/* End XCBuildConfiguration section */

/* Begin XCConfigurationList section */
		2988703F1EB7952B00EDFA03 /* Build configuration list for PBXProject "BottleRocket" */ = {
			isa = XCConfigurationList;
			buildConfigurations = (
				298870491EB7952B00EDFA03 /* Debug */,
				2988704A1EB7952B00EDFA03 /* Release */,
			);
			defaultConfigurationIsVisible = 0;
			defaultConfigurationName = Release;
		};
		2988704B1EB7952B00EDFA03 /* Build configuration list for PBXNativeTarget "BottleRocket" */ = {
			isa = XCConfigurationList;
			buildConfigurations = (
				2988704C1EB7952B00EDFA03 /* Debug */,
				2988704D1EB7952B00EDFA03 /* Release */,
			);
			defaultConfigurationIsVisible = 0;
			defaultConfigurationName = Release;
		};
		298870741EB797D200EDFA03 /* Build configuration list for PBXNativeTarget "BottleRocketTests" */ = {
			isa = XCConfigurationList;
			buildConfigurations = (
				298870751EB797D200EDFA03 /* Debug */,
				298870761EB797D200EDFA03 /* Release */,
			);
			defaultConfigurationIsVisible = 0;
			defaultConfigurationName = Release;
		};
/* End XCConfigurationList section */
	};
	rootObject = 2988703C1EB7952B00EDFA03 /* Project object */;
}
